
Microsoft Visual Studio Solution File, Format Version 12.00
# Visual Studio Version 17
VisualStudioVersion = 17.0.31903.59
MinimumVisualStudioVersion = 10.0.40219.1
Project("{FAE04EC0-301F-11D3-BF4B-00C04F79EFBC}") = "Struct", "Struct\Struct.csproj", "{B45E0A80-ABC0-4F80-8C58-3059FECA498C}"
EndProject
Global
	GlobalSection(SolutionConfigurationPlatforms) = preSolution
		Debug|Any CPU = Debug|Any CPU
		Release|Any CPU = Release|Any CPU
	EndGlobalSection
	GlobalSection(ProjectConfigurationPlatforms) = postSolution
		{B45E0A80-ABC0-4F80-8C58-3059FECA498C}.Debug|Any CPU.ActiveCfg = Debug|Any CPU
		{B45E0A80-ABC0-4F80-8C58-3059FECA498C}.Debug|Any CPU.Build.0 = Debug|Any CPU
		{B45E0A80-ABC0-4F80-8C58-3059FECA498C}.Release|Any CPU.ActiveCfg = Release|Any CPU
		{B45E0A80-ABC0-4F80-8C58-3059FECA498C}.Release|Any CPU.Build.0 = Release|Any CPU
	EndGlobalSection
	GlobalSection(SolutionProperties) = preSolution
		HideSolutionNode = FALSE
	EndGlobalSection
	GlobalSection(ExtensibilityGlobals) = postSolution
		SolutionGuid = {D6C24151-3CE4-4992-B994-1FE89B4BEDB7}
	EndGlobalSection
EndGlobal
